
Microsoft Visual Studio Solution File, Format Version 12.00
# Visual Studio Version 16
VisualStudioVersion = 16.0.32510.428
MinimumVisualStudioVersion = 10.0.40219.1
Project("{FAE04EC0-301F-11D3-BF4B-00C04F79EFBC}") = "PepinoHealth", "PepinoHealth\PepinoHealth.csproj", "{B910A42E-1BAF-4E22-A164-36FD698DBCD5}"
EndProject
Global
	GlobalSection(SolutionConfigurationPlatforms) = preSolution
		Debug|Any CPU = Debug|Any CPU
		Release|Any CPU = Release|Any CPU
	EndGlobalSection
	GlobalSection(ProjectConfigurationPlatforms) = postSolution
		{B910A42E-1BAF-4E22-A164-36FD698DBCD5}.Debug|Any CPU.ActiveCfg = Debug|Any CPU
		{B910A42E-1BAF-4E22-A164-36FD698DBCD5}.Debug|Any CPU.Build.0 = Debug|Any CPU
		{B910A42E-1BAF-4E22-A164-36FD698DBCD5}.Release|Any CPU.ActiveCfg = Release|Any CPU
		{B910A42E-1BAF-4E22-A164-36FD698DBCD5}.Release|Any CPU.Build.0 = Release|Any CPU
	EndGlobalSection
	GlobalSection(SolutionProperties) = preSolution
		HideSolutionNode = FALSE
	EndGlobalSection
	GlobalSection(ExtensibilityGlobals) = postSolution
		SolutionGuid = {B71615EC-E80D-43B6-B4A3-EA0C7A4FD958}
	EndGlobalSection
EndGlobal
